
Microsoft Visual Studio Solution File, Format Version 12.00
# Visual Studio Version 17
VisualStudioVersion = 17.14.36414.22 d17.14
MinimumVisualStudioVersion = 10.0.40219.1
Project("{FAE04EC0-301F-11D3-BF4B-00C04F79EFBC}") = "Api1", "Api1\Api1.csproj", "{00671615-E3CA-48D1-956D-20008E781785}"
EndProject
Project("{FAE04EC0-301F-11D3-BF4B-00C04F79EFBC}") = "Library", "Library\Library.csproj", "{02940013-29B3-48B4-8114-10595C5EDC43}"
EndProject
Global
	GlobalSection(SolutionConfigurationPlatforms) = preSolution
		Debug|Any CPU = Debug|Any CPU
		Release|Any CPU = Release|Any CPU
	EndGlobalSection
	GlobalSection(ProjectConfigurationPlatforms) = postSolution
		{00671615-E3CA-48D1-956D-20008E781785}.Debug|Any CPU.ActiveCfg = Debug|Any CPU
		{00671615-E3CA-48D1-956D-20008E781785}.Debug|Any CPU.Build.0 = Debug|Any CPU
		{00671615-E3CA-48D1-956D-20008E781785}.Release|Any CPU.ActiveCfg = Release|Any CPU
		{00671615-E3CA-48D1-956D-20008E781785}.Release|Any CPU.Build.0 = Release|Any CPU
		{02940013-29B3-48B4-8114-10595C5EDC43}.Debug|Any CPU.ActiveCfg = Debug|Any CPU
		{02940013-29B3-48B4-8114-10595C5EDC43}.Debug|Any CPU.Build.0 = Debug|Any CPU
		{02940013-29B3-48B4-8114-10595C5EDC43}.Release|Any CPU.ActiveCfg = Release|Any CPU
		{02940013-29B3-48B4-8114-10595C5EDC43}.Release|Any CPU.Build.0 = Release|Any CPU
	EndGlobalSection
	GlobalSection(SolutionProperties) = preSolution
		HideSolutionNode = FALSE
	EndGlobalSection
	GlobalSection(ExtensibilityGlobals) = postSolution
		SolutionGuid = {75EF9CAD-5706-4C18-AD74-6839837ED5F3}
	EndGlobalSection
EndGlobal
